
Microsoft Visual Studio Solution File, Format Version 12.00
# Visual Studio Version 17
VisualStudioVersion = 17.4.33205.214
MinimumVisualStudioVersion = 10.0.40219.1
Project("{FAE04EC0-301F-11D3-BF4B-00C04F79EFBC}") = "SistemaLaboratorio", "SistemaLaboratorio.csproj", "{657812F7-4A26-48B3-93B0-46AE784351A5}"
EndProject
Global
	GlobalSection(SolutionConfigurationPlatforms) = preSolution
		Debug|Any CPU = Debug|Any CPU
		Release|Any CPU = Release|Any CPU
	EndGlobalSection
	GlobalSection(ProjectConfigurationPlatforms) = postSolution
		{657812F7-4A26-48B3-93B0-46AE784351A5}.Debug|Any CPU.ActiveCfg = Debug|Any CPU
		{657812F7-4A26-48B3-93B0-46AE784351A5}.Debug|Any CPU.Build.0 = Debug|Any CPU
		{657812F7-4A26-48B3-93B0-46AE784351A5}.Release|Any CPU.ActiveCfg = Release|Any CPU
		{657812F7-4A26-48B3-93B0-46AE784351A5}.Release|Any CPU.Build.0 = Release|Any CPU
	EndGlobalSection
	GlobalSection(SolutionProperties) = preSolution
		HideSolutionNode = FALSE
	EndGlobalSection
	GlobalSection(ExtensibilityGlobals) = postSolution
		SolutionGuid = {D2ED93C7-608F-40EA-A80C-0CA2B079462A}
	EndGlobalSection
EndGlobal
